
Microsoft Visual Studio Solution File, Format Version 12.00
# Visual Studio 15
VisualStudioVersion = 15.0.26124.0
MinimumVisualStudioVersion = 15.0.26124.0
Project("{FAE04EC0-301F-11D3-BF4B-00C04F79EFBC}") = "Day16", "Day16\Day16.csproj", "{285A5022-5B35-4FF4-9140-F941AC320FAD}"
EndProject
Project("{FAE04EC0-301F-11D3-BF4B-00C04F79EFBC}") = "Day15", "Day15\Day15.csproj", "{D9FE9478-006E-4777-8868-9A210469B3EC}"
EndProject
Project("{FAE04EC0-301F-11D3-BF4B-00C04F79EFBC}") = "Day1", "Day1\Day1.csproj", "{EE7BE0D2-A96D-4C00-A71B-19841454AC0D}"
EndProject
Project("{FAE04EC0-301F-11D3-BF4B-00C04F79EFBC}") = "Day10", "Day10\Day10.csproj", "{A5D2838C-ACCB-436C-8275-13A0516D6B74}"
EndProject
Project("{FAE04EC0-301F-11D3-BF4B-00C04F79EFBC}") = "Day11", "Day11\Day11.csproj", "{BF7897D0-F10E-404E-836E-AC7D3851062C}"
EndProject
Project("{FAE04EC0-301F-11D3-BF4B-00C04F79EFBC}") = "Day12", "Day12\Day12.csproj", "{6D55AFE4-95A7-4336-8383-86CB9EE68E39}"
EndProject
Project("{FAE04EC0-301F-11D3-BF4B-00C04F79EFBC}") = "Day13", "Day13\Day13.csproj", "{4C87E33B-04DC-4AF5-8B0D-E788A64B448F}"
EndProject
Project("{FAE04EC0-301F-11D3-BF4B-00C04F79EFBC}") = "Day14", "Day14\Day14.csproj", "{7EF22FDA-A047-47BD-9235-9202C47A1AA7}"
EndProject
Project("{FAE04EC0-301F-11D3-BF4B-00C04F79EFBC}") = "Day2", "Day2\Day2.csproj", "{D896C815-050A-427A-A1EC-6562C22693B6}"
EndProject
Project("{FAE04EC0-301F-11D3-BF4B-00C04F79EFBC}") = "Day3", "Day3\Day3.csproj", "{983B3268-0F93-4DD3-8E48-107BC7367032}"
EndProject
Project("{FAE04EC0-301F-11D3-BF4B-00C04F79EFBC}") = "Day4", "Day4\Day4.csproj", "{004F5CF7-670C-4A1F-B8F3-86A39D02A242}"
EndProject
Project("{FAE04EC0-301F-11D3-BF4B-00C04F79EFBC}") = "Day5", "Day5\Day5.csproj", "{A1EAFE68-5B0A-4699-909B-7CD4113C36B2}"
EndProject
Project("{FAE04EC0-301F-11D3-BF4B-00C04F79EFBC}") = "Day6", "Day6\Day6.csproj", "{1D53A0BC-E168-436C-8CB2-3DF1A8927167}"
EndProject
Project("{FAE04EC0-301F-11D3-BF4B-00C04F79EFBC}") = "Day7", "Day7\Day7.csproj", "{3E03995E-3260-4C33-8009-DF15240F9993}"
EndProject
Project("{FAE04EC0-301F-11D3-BF4B-00C04F79EFBC}") = "Day8", "Day8\Day8.csproj", "{386D8432-039D-4F62-8F5B-F172D89FEA56}"
EndProject
Project("{FAE04EC0-301F-11D3-BF4B-00C04F79EFBC}") = "Day9", "Day9\Day9.csproj", "{7A24ED84-1514-4644-8F54-7922C9DF8191}"
EndProject
Project("{FAE04EC0-301F-11D3-BF4B-00C04F79EFBC}") = "TempPrj", "TempPrj\TempPrj.csproj", "{281C05F3-5E26-46D3-B966-3EE818D5DA46}"
EndProject
Global
	GlobalSection(SolutionConfigurationPlatforms) = preSolution
		Debug|Any CPU = Debug|Any CPU
		Debug|x64 = Debug|x64
		Debug|x86 = Debug|x86
		Release|Any CPU = Release|Any CPU
		Release|x64 = Release|x64
		Release|x86 = Release|x86
	EndGlobalSection
	GlobalSection(SolutionProperties) = preSolution
		HideSolutionNode = FALSE
	EndGlobalSection
	GlobalSection(ProjectConfigurationPlatforms) = postSolution
		{285A5022-5B35-4FF4-9140-F941AC320FAD}.Debug|Any CPU.ActiveCfg = Debug|Any CPU
		{285A5022-5B35-4FF4-9140-F941AC320FAD}.Debug|Any CPU.Build.0 = Debug|Any CPU
		{285A5022-5B35-4FF4-9140-F941AC320FAD}.Debug|x64.ActiveCfg = Debug|Any CPU
		{285A5022-5B35-4FF4-9140-F941AC320FAD}.Debug|x64.Build.0 = Debug|Any CPU
		{285A5022-5B35-4FF4-9140-F941AC320FAD}.Debug|x86.ActiveCfg = Debug|Any CPU
		{285A5022-5B35-4FF4-9140-F941AC320FAD}.Debug|x86.Build.0 = Debug|Any CPU
		{285A5022-5B35-4FF4-9140-F941AC320FAD}.Release|Any CPU.ActiveCfg = Release|Any CPU
		{285A5022-5B35-4FF4-9140-F941AC320FAD}.Release|Any CPU.Build.0 = Release|Any CPU
		{285A5022-5B35-4FF4-9140-F941AC320FAD}.Release|x64.ActiveCfg = Release|Any CPU
		{285A5022-5B35-4FF4-9140-F941AC320FAD}.Release|x64.Build.0 = Release|Any CPU
		{285A5022-5B35-4FF4-9140-F941AC320FAD}.Release|x86.ActiveCfg = Release|Any CPU
		{285A5022-5B35-4FF4-9140-F941AC320FAD}.Release|x86.Build.0 = Release|Any CPU
		{D9FE9478-006E-4777-8868-9A210469B3EC}.Debug|Any CPU.ActiveCfg = Debug|Any CPU
		{D9FE9478-006E-4777-8868-9A210469B3EC}.Debug|Any CPU.Build.0 = Debug|Any CPU
		{D9FE9478-006E-4777-8868-9A210469B3EC}.Debug|x64.ActiveCfg = Debug|Any CPU
		{D9FE9478-006E-4777-8868-9A210469B3EC}.Debug|x64.Build.0 = Debug|Any CPU
		{D9FE9478-006E-4777-8868-9A210469B3EC}.Debug|x86.ActiveCfg = Debug|Any CPU
		{D9FE9478-006E-4777-8868-9A210469B3EC}.Debug|x86.Build.0 = Debug|Any CPU
		{D9FE9478-006E-4777-8868-9A210469B3EC}.Release|Any CPU.ActiveCfg = Release|Any CPU
		{D9FE9478-006E-4777-8868-9A210469B3EC}.Release|Any CPU.Build.0 = Release|Any CPU
		{D9FE9478-006E-4777-8868-9A210469B3EC}.Release|x64.ActiveCfg = Release|Any CPU
		{D9FE9478-006E-4777-8868-9A210469B3EC}.Release|x64.Build.0 = Release|Any CPU
		{D9FE9478-006E-4777-8868-9A210469B3EC}.Release|x86.ActiveCfg = Release|Any CPU
		{D9FE9478-006E-4777-8868-9A210469B3EC}.Release|x86.Build.0 = Release|Any CPU
		{EE7BE0D2-A96D-4C00-A71B-19841454AC0D}.Debug|Any CPU.ActiveCfg = Debug|Any CPU
		{EE7BE0D2-A96D-4C00-A71B-19841454AC0D}.Debug|Any CPU.Build.0 = Debug|Any CPU
		{EE7BE0D2-A96D-4C00-A71B-19841454AC0D}.Debug|x64.ActiveCfg = Debug|Any CPU
		{EE7BE0D2-A96D-4C00-A71B-19841454AC0D}.Debug|x64.Build.0 = Debug|Any CPU
		{EE7BE0D2-A96D-4C00-A71B-19841454AC0D}.Debug|x86.ActiveCfg = Debug|Any CPU
		{EE7BE0D2-A96D-4C00-A71B-19841454AC0D}.Debug|x86.Build.0 = Debug|Any CPU
		{EE7BE0D2-A96D-4C00-A71B-19841454AC0D}.Release|Any CPU.ActiveCfg = Release|Any CPU
		{EE7BE0D2-A96D-4C00-A71B-19841454AC0D}.Release|Any CPU.Build.0 = Release|Any CPU
		{EE7BE0D2-A96D-4C00-A71B-19841454AC0D}.Release|x64.ActiveCfg = Release|Any CPU
		{EE7BE0D2-A96D-4C00-A71B-19841454AC0D}.Release|x64.Build.0 = Release|Any CPU
		{EE7BE0D2-A96D-4C00-A71B-19841454AC0D}.Release|x86.ActiveCfg = Release|Any CPU
		{EE7BE0D2-A96D-4C00-A71B-19841454AC0D}.Release|x86.Build.0 = Release|Any CPU
		{A5D2838C-ACCB-436C-8275-13A0516D6B74}.Debug|Any CPU.ActiveCfg = Debug|Any CPU
		{A5D2838C-ACCB-436C-8275-13A0516D6B74}.Debug|Any CPU.Build.0 = Debug|Any CPU
		{A5D2838C-ACCB-436C-8275-13A0516D6B74}.Debug|x64.ActiveCfg = Debug|Any CPU
		{A5D2838C-ACCB-436C-8275-13A0516D6B74}.Debug|x64.Build.0 = Debug|Any CPU
		{A5D2838C-ACCB-436C-8275-13A0516D6B74}.Debug|x86.ActiveCfg = Debug|Any CPU
		{A5D2838C-ACCB-436C-8275-13A0516D6B74}.Debug|x86.Build.0 = Debug|Any CPU
		{A5D2838C-ACCB-436C-8275-13A0516D6B74}.Release|Any CPU.ActiveCfg = Release|Any CPU
		{A5D2838C-ACCB-436C-8275-13A0516D6B74}.Release|Any CPU.Build.0 = Release|Any CPU
		{A5D2838C-ACCB-436C-8275-13A0516D6B74}.Release|x64.ActiveCfg = Release|Any CPU
		{A5D2838C-ACCB-436C-8275-13A0516D6B74}.Release|x64.Build.0 = Release|Any CPU
		{A5D2838C-ACCB-436C-8275-13A0516D6B74}.Release|x86.ActiveCfg = Release|Any CPU
		{A5D2838C-ACCB-436C-8275-13A0516D6B74}.Release|x86.Build.0 = Release|Any CPU
		{BF7897D0-F10E-404E-836E-AC7D3851062C}.Debug|Any CPU.ActiveCfg = Debug|Any CPU
		{BF7897D0-F10E-404E-836E-AC7D3851062C}.Debug|Any CPU.Build.0 = Debug|Any CPU
		{BF7897D0-F10E-404E-836E-AC7D3851062C}.Debug|x64.ActiveCfg = Debug|Any CPU
		{BF7897D0-F10E-404E-836E-AC7D3851062C}.Debug|x64.Build.0 = Debug|Any CPU
		{BF7897D0-F10E-404E-836E-AC7D3851062C}.Debug|x86.ActiveCfg = Debug|Any CPU
		{BF7897D0-F10E-404E-836E-AC7D3851062C}.Debug|x86.Build.0 = Debug|Any CPU
		{BF7897D0-F10E-404E-836E-AC7D3851062C}.Release|Any CPU.ActiveCfg = Release|Any CPU
		{BF7897D0-F10E-404E-836E-AC7D3851062C}.Release|Any CPU.Build.0 = Release|Any CPU
		{BF7897D0-F10E-404E-836E-AC7D3851062C}.Release|x64.ActiveCfg = Release|Any CPU
		{BF7897D0-F10E-404E-836E-AC7D3851062C}.Release|x64.Build.0 = Release|Any CPU
		{BF7897D0-F10E-404E-836E-AC7D3851062C}.Release|x86.ActiveCfg = Release|Any CPU
		{BF7897D0-F10E-404E-836E-AC7D3851062C}.Release|x86.Build.0 = Release|Any CPU
		{6D55AFE4-95A7-4336-8383-86CB9EE68E39}.Debug|Any CPU.ActiveCfg = Debug|Any CPU
		{6D55AFE4-95A7-4336-8383-86CB9EE68E39}.Debug|Any CPU.Build.0 = Debug|Any CPU
		{6D55AFE4-95A7-4336-8383-86CB9EE68E39}.Debug|x64.ActiveCfg = Debug|Any CPU
		{6D55AFE4-95A7-4336-8383-86CB9EE68E39}.Debug|x64.Build.0 = Debug|Any CPU
		{6D55AFE4-95A7-4336-8383-86CB9EE68E39}.Debug|x86.ActiveCfg = Debug|Any CPU
		{6D55AFE4-95A7-4336-8383-86CB9EE68E39}.Debug|x86.Build.0 = Debug|Any CPU
		{6D55AFE4-95A7-4336-8383-86CB9EE68E39}.Release|Any CPU.ActiveCfg = Release|Any CPU
		{6D55AFE4-95A7-4336-8383-86CB9EE68E39}.Release|Any CPU.Build.0 = Release|Any CPU
		{6D55AFE4-95A7-4336-8383-86CB9EE68E39}.Release|x64.ActiveCfg = Release|Any CPU
		{6D55AFE4-95A7-4336-8383-86CB9EE68E39}.Release|x64.Build.0 = Release|Any CPU
		{6D55AFE4-95A7-4336-8383-86CB9EE68E39}.Release|x86.ActiveCfg = Release|Any CPU
		{6D55AFE4-95A7-4336-8383-86CB9EE68E39}.Release|x86.Build.0 = Release|Any CPU
		{4C87E33B-04DC-4AF5-8B0D-E788A64B448F}.Debug|Any CPU.ActiveCfg = Debug|Any CPU
		{4C87E33B-04DC-4AF5-8B0D-E788A64B448F}.Debug|Any CPU.Build.0 = Debug|Any CPU
		{4C87E33B-04DC-4AF5-8B0D-E788A64B448F}.Debug|x64.ActiveCfg = Debug|Any CPU
		{4C87E33B-04DC-4AF5-8B0D-E788A64B448F}.Debug|x64.Build.0 = Debug|Any CPU
		{4C87E33B-04DC-4AF5-8B0D-E788A64B448F}.Debug|x86.ActiveCfg = Debug|Any CPU
		{4C87E33B-04DC-4AF5-8B0D-E788A64B448F}.Debug|x86.Build.0 = Debug|Any CPU
		{4C87E33B-04DC-4AF5-8B0D-E788A64B448F}.Release|Any CPU.ActiveCfg = Release|Any CPU
		{4C87E33B-04DC-4AF5-8B0D-E788A64B448F}.Release|Any CPU.Build.0 = Release|Any CPU
		{4C87E33B-04DC-4AF5-8B0D-E788A64B448F}.Release|x64.ActiveCfg = Release|Any CPU
		{4C87E33B-04DC-4AF5-8B0D-E788A64B448F}.Release|x64.Build.0 = Release|Any CPU
		{4C87E33B-04DC-4AF5-8B0D-E788A64B448F}.Release|x86.ActiveCfg = Release|Any CPU
		{4C87E33B-04DC-4AF5-8B0D-E788A64B448F}.Release|x86.Build.0 = Release|Any CPU
		{7EF22FDA-A047-47BD-9235-9202C47A1AA7}.Debug|Any CPU.ActiveCfg = Debug|Any CPU
		{7EF22FDA-A047-47BD-9235-9202C47A1AA7}.Debug|Any CPU.Build.0 = Debug|Any CPU
		{7EF22FDA-A047-47BD-9235-9202C47A1AA7}.Debug|x64.ActiveCfg = Debug|Any CPU
		{7EF22FDA-A047-47BD-9235-9202C47A1AA7}.Debug|x64.Build.0 = Debug|Any CPU
		{7EF22FDA-A047-47BD-9235-9202C47A1AA7}.Debug|x86.ActiveCfg = Debug|Any CPU
		{7EF22FDA-A047-47BD-9235-9202C47A1AA7}.Debug|x86.Build.0 = Debug|Any CPU
		{7EF22FDA-A047-47BD-9235-9202C47A1AA7}.Release|Any CPU.ActiveCfg = Release|Any CPU
		{7EF22FDA-A047-47BD-9235-9202C47A1AA7}.Release|Any CPU.Build.0 = Release|Any CPU
		{7EF22FDA-A047-47BD-9235-9202C47A1AA7}.Release|x64.ActiveCfg = Release|Any CPU
		{7EF22FDA-A047-47BD-9235-9202C47A1AA7}.Release|x64.Build.0 = Release|Any CPU
		{7EF22FDA-A047-47BD-9235-9202C47A1AA7}.Release|x86.ActiveCfg = Release|Any CPU
		{7EF22FDA-A047-47BD-9235-9202C47A1AA7}.Release|x86.Build.0 = Release|Any CPU
		{D896C815-050A-427A-A1EC-6562C22693B6}.Debug|Any CPU.ActiveCfg = Debug|Any CPU
		{D896C815-050A-427A-A1EC-6562C22693B6}.Debug|Any CPU.Build.0 = Debug|Any CPU
		{D896C815-050A-427A-A1EC-6562C22693B6}.Debug|x64.ActiveCfg = Debug|Any CPU
		{D896C815-050A-427A-A1EC-6562C22693B6}.Debug|x64.Build.0 = Debug|Any CPU
		{D896C815-050A-427A-A1EC-6562C22693B6}.Debug|x86.ActiveCfg = Debug|Any CPU
		{D896C815-050A-427A-A1EC-6562C22693B6}.Debug|x86.Build.0 = Debug|Any CPU
		{D896C815-050A-427A-A1EC-6562C22693B6}.Release|Any CPU.ActiveCfg = Release|Any CPU
		{D896C815-050A-427A-A1EC-6562C22693B6}.Release|Any CPU.Build.0 = Release|Any CPU
		{D896C815-050A-427A-A1EC-6562C22693B6}.Release|x64.ActiveCfg = Release|Any CPU
		{D896C815-050A-427A-A1EC-6562C22693B6}.Release|x64.Build.0 = Release|Any CPU
		{D896C815-050A-427A-A1EC-6562C22693B6}.Release|x86.ActiveCfg = Release|Any CPU
		{D896C815-050A-427A-A1EC-6562C22693B6}.Release|x86.Build.0 = Release|Any CPU
		{983B3268-0F93-4DD3-8E48-107BC7367032}.Debug|Any CPU.ActiveCfg = Debug|Any CPU
		{983B3268-0F93-4DD3-8E48-107BC7367032}.Debug|Any CPU.Build.0 = Debug|Any CPU
		{983B3268-0F93-4DD3-8E48-107BC7367032}.Debug|x64.ActiveCfg = Debug|Any CPU
		{983B3268-0F93-4DD3-8E48-107BC7367032}.Debug|x64.Build.0 = Debug|Any CPU
		{983B3268-0F93-4DD3-8E48-107BC7367032}.Debug|x86.ActiveCfg = Debug|Any CPU
		{983B3268-0F93-4DD3-8E48-107BC7367032}.Debug|x86.Build.0 = Debug|Any CPU
		{983B3268-0F93-4DD3-8E48-107BC7367032}.Release|Any CPU.ActiveCfg = Release|Any CPU
		{983B3268-0F93-4DD3-8E48-107BC7367032}.Release|Any CPU.Build.0 = Release|Any CPU
		{983B3268-0F93-4DD3-8E48-107BC7367032}.Release|x64.ActiveCfg = Release|Any CPU
		{983B3268-0F93-4DD3-8E48-107BC7367032}.Release|x64.Build.0 = Release|Any CPU
		{983B3268-0F93-4DD3-8E48-107BC7367032}.Release|x86.ActiveCfg = Release|Any CPU
		{983B3268-0F93-4DD3-8E48-107BC7367032}.Release|x86.Build.0 = Release|Any CPU
		{004F5CF7-670C-4A1F-B8F3-86A39D02A242}.Debug|Any CPU.ActiveCfg = Debug|Any CPU
		{004F5CF7-670C-4A1F-B8F3-86A39D02A242}.Debug|Any CPU.Build.0 = Debug|Any CPU
		{004F5CF7-670C-4A1F-B8F3-86A39D02A242}.Debug|x64.ActiveCfg = Debug|Any CPU
		{004F5CF7-670C-4A1F-B8F3-86A39D02A242}.Debug|x64.Build.0 = Debug|Any CPU
		{004F5CF7-670C-4A1F-B8F3-86A39D02A242}.Debug|x86.ActiveCfg = Debug|Any CPU
		{004F5CF7-670C-4A1F-B8F3-86A39D02A242}.Debug|x86.Build.0 = Debug|Any CPU
		{004F5CF7-670C-4A1F-B8F3-86A39D02A242}.Release|Any CPU.ActiveCfg = Release|Any CPU
		{004F5CF7-670C-4A1F-B8F3-86A39D02A242}.Release|Any CPU.Build.0 = Release|Any CPU
		{004F5CF7-670C-4A1F-B8F3-86A39D02A242}.Release|x64.ActiveCfg = Release|Any CPU
		{004F5CF7-670C-4A1F-B8F3-86A39D02A242}.Release|x64.Build.0 = Release|Any CPU
		{004F5CF7-670C-4A1F-B8F3-86A39D02A242}.Release|x86.ActiveCfg = Release|Any CPU
		{004F5CF7-670C-4A1F-B8F3-86A39D02A242}.Release|x86.Build.0 = Release|Any CPU
		{A1EAFE68-5B0A-4699-909B-7CD4113C36B2}.Debug|Any CPU.ActiveCfg = Debug|Any CPU
		{A1EAFE68-5B0A-4699-909B-7CD4113C36B2}.Debug|Any CPU.Build.0 = Debug|Any CPU
		{A1EAFE68-5B0A-4699-909B-7CD4113C36B2}.Debug|x64.ActiveCfg = Debug|Any CPU
		{A1EAFE68-5B0A-4699-909B-7CD4113C36B2}.Debug|x64.Build.0 = Debug|Any CPU
		{A1EAFE68-5B0A-4699-909B-7CD4113C36B2}.Debug|x86.ActiveCfg = Debug|Any CPU
		{A1EAFE68-5B0A-4699-909B-7CD4113C36B2}.Debug|x86.Build.0 = Debug|Any CPU
		{A1EAFE68-5B0A-4699-909B-7CD4113C36B2}.Release|Any CPU.ActiveCfg = Release|Any CPU
		{A1EAFE68-5B0A-4699-909B-7CD4113C36B2}.Release|Any CPU.Build.0 = Release|Any CPU
		{A1EAFE68-5B0A-4699-909B-7CD4113C36B2}.Release|x64.ActiveCfg = Release|Any CPU
		{A1EAFE68-5B0A-4699-909B-7CD4113C36B2}.Release|x64.Build.0 = Release|Any CPU
		{A1EAFE68-5B0A-4699-909B-7CD4113C36B2}.Release|x86.ActiveCfg = Release|Any CPU
		{A1EAFE68-5B0A-4699-909B-7CD4113C36B2}.Release|x86.Build.0 = Release|Any CPU
		{1D53A0BC-E168-436C-8CB2-3DF1A8927167}.Debug|Any CPU.ActiveCfg = Debug|Any CPU
		{1D53A0BC-E168-436C-8CB2-3DF1A8927167}.Debug|Any CPU.Build.0 = Debug|Any CPU
		{1D53A0BC-E168-436C-8CB2-3DF1A8927167}.Debug|x64.ActiveCfg = Debug|Any CPU
		{1D53A0BC-E168-436C-8CB2-3DF1A8927167}.Debug|x64.Build.0 = Debug|Any CPU
		{1D53A0BC-E168-436C-8CB2-3DF1A8927167}.Debug|x86.ActiveCfg = Debug|Any CPU
		{1D53A0BC-E168-436C-8CB2-3DF1A8927167}.Debug|x86.Build.0 = Debug|Any CPU
		{1D53A0BC-E168-436C-8CB2-3DF1A8927167}.Release|Any CPU.ActiveCfg = Release|Any CPU
		{1D53A0BC-E168-436C-8CB2-3DF1A8927167}.Release|Any CPU.Build.0 = Release|Any CPU
		{1D53A0BC-E168-436C-8CB2-3DF1A8927167}.Release|x64.ActiveCfg = Release|Any CPU
		{1D53A0BC-E168-436C-8CB2-3DF1A8927167}.Release|x64.Build.0 = Release|Any CPU
		{1D53A0BC-E168-436C-8CB2-3DF1A8927167}.Release|x86.ActiveCfg = Release|Any CPU
		{1D53A0BC-E168-436C-8CB2-3DF1A8927167}.Release|x86.Build.0 = Release|Any CPU
		{3E03995E-3260-4C33-8009-DF15240F9993}.Debug|Any CPU.ActiveCfg = Debug|Any CPU
		{3E03995E-3260-4C33-8009-DF15240F9993}.Debug|Any CPU.Build.0 = Debug|Any CPU
		{3E03995E-3260-4C33-8009-DF15240F9993}.Debug|x64.ActiveCfg = Debug|Any CPU
		{3E03995E-3260-4C33-8009-DF15240F9993}.Debug|x64.Build.0 = Debug|Any CPU
		{3E03995E-3260-4C33-8009-DF15240F9993}.Debug|x86.ActiveCfg = Debug|Any CPU
		{3E03995E-3260-4C33-8009-DF15240F9993}.Debug|x86.Build.0 = Debug|Any CPU
		{3E03995E-3260-4C33-8009-DF15240F9993}.Release|Any CPU.ActiveCfg = Release|Any CPU
		{3E03995E-3260-4C33-8009-DF15240F9993}.Release|Any CPU.Build.0 = Release|Any CPU
		{3E03995E-3260-4C33-8009-DF15240F9993}.Release|x64.ActiveCfg = Release|Any CPU
		{3E03995E-3260-4C33-8009-DF15240F9993}.Release|x64.Build.0 = Release|Any CPU
		{3E03995E-3260-4C33-8009-DF15240F9993}.Release|x86.ActiveCfg = Release|Any CPU
		{3E03995E-3260-4C33-8009-DF15240F9993}.Release|x86.Build.0 = Release|Any CPU
		{386D8432-039D-4F62-8F5B-F172D89FEA56}.Debug|Any CPU.ActiveCfg = Debug|Any CPU
		{386D8432-039D-4F62-8F5B-F172D89FEA56}.Debug|Any CPU.Build.0 = Debug|Any CPU
		{386D8432-039D-4F62-8F5B-F172D89FEA56}.Debug|x64.ActiveCfg = Debug|Any CPU
		{386D8432-039D-4F62-8F5B-F172D89FEA56}.Debug|x64.Build.0 = Debug|Any CPU
		{386D8432-039D-4F62-8F5B-F172D89FEA56}.Debug|x86.ActiveCfg = Debug|Any CPU
		{386D8432-039D-4F62-8F5B-F172D89FEA56}.Debug|x86.Build.0 = Debug|Any CPU
		{386D8432-039D-4F62-8F5B-F172D89FEA56}.Release|Any CPU.ActiveCfg = Release|Any CPU
		{386D8432-039D-4F62-8F5B-F172D89FEA56}.Release|Any CPU.Build.0 = Release|Any CPU
		{386D8432-039D-4F62-8F5B-F172D89FEA56}.Release|x64.ActiveCfg = Release|Any CPU
		{386D8432-039D-4F62-8F5B-F172D89FEA56}.Release|x64.Build.0 = Release|Any CPU
		{386D8432-039D-4F62-8F5B-F172D89FEA56}.Release|x86.ActiveCfg = Release|Any CPU
		{386D8432-039D-4F62-8F5B-F172D89FEA56}.Release|x86.Build.0 = Release|Any CPU
		{7A24ED84-1514-4644-8F54-7922C9DF8191}.Debug|Any CPU.ActiveCfg = Debug|Any CPU
		{7A24ED84-1514-4644-8F54-7922C9DF8191}.Debug|Any CPU.Build.0 = Debug|Any CPU
		{7A24ED84-1514-4644-8F54-7922C9DF8191}.Debug|x64.ActiveCfg = Debug|Any CPU
		{7A24ED84-1514-4644-8F54-7922C9DF8191}.Debug|x64.Build.0 = Debug|Any CPU
		{7A24ED84-1514-4644-8F54-7922C9DF8191}.Debug|x86.ActiveCfg = Debug|Any CPU
		{7A24ED84-1514-4644-8F54-7922C9DF8191}.Debug|x86.Build.0 = Debug|Any CPU
		{7A24ED84-1514-4644-8F54-7922C9DF8191}.Release|Any CPU.ActiveCfg = Release|Any CPU
		{7A24ED84-1514-4644-8F54-7922C9DF8191}.Release|Any CPU.Build.0 = Release|Any CPU
		{7A24ED84-1514-4644-8F54-7922C9DF8191}.Release|x64.ActiveCfg = Release|Any CPU
		{7A24ED84-1514-4644-8F54-7922C9DF8191}.Release|x64.Build.0 = Release|Any CPU
		{7A24ED84-1514-4644-8F54-7922C9DF8191}.Release|x86.ActiveCfg = Release|Any CPU
		{7A24ED84-1514-4644-8F54-7922C9DF8191}.Release|x86.Build.0 = Release|Any CPU
		{281C05F3-5E26-46D3-B966-3EE818D5DA46}.Debug|Any CPU.ActiveCfg = Debug|Any CPU
		{281C05F3-5E26-46D3-B966-3EE818D5DA46}.Debug|Any CPU.Build.0 = Debug|Any CPU
		{281C05F3-5E26-46D3-B966-3EE818D5DA46}.Debug|x64.ActiveCfg = Debug|Any CPU
		{281C05F3-5E26-46D3-B966-3EE818D5DA46}.Debug|x64.Build.0 = Debug|Any CPU
		{281C05F3-5E26-46D3-B966-3EE818D5DA46}.Debug|x86.ActiveCfg = Debug|Any CPU
		{281C05F3-5E26-46D3-B966-3EE818D5DA46}.Debug|x86.Build.0 = Debug|Any CPU
		{281C05F3-5E26-46D3-B966-3EE818D5DA46}.Release|Any CPU.ActiveCfg = Release|Any CPU
		{281C05F3-5E26-46D3-B966-3EE818D5DA46}.Release|Any CPU.Build.0 = Release|Any CPU
		{281C05F3-5E26-46D3-B966-3EE818D5DA46}.Release|x64.ActiveCfg = Release|Any CPU
		{281C05F3-5E26-46D3-B966-3EE818D5DA46}.Release|x64.Build.0 = Release|Any CPU
		{281C05F3-5E26-46D3-B966-3EE818D5DA46}.Release|x86.ActiveCfg = Release|Any CPU
		{281C05F3-5E26-46D3-B966-3EE818D5DA46}.Release|x86.Build.0 = Release|Any CPU
	EndGlobalSection
EndGlobal
